github.com/arashout/fake_monorepo/go/src/fakeorg/artifactory/anothertestpackage v0.0.0-20230126000726-0f209d2e6daa h1:6vfS7V/E0413OM7Wr4E2M/mxWdEOGlY5SwNN9nloeZ0=
github.com/arashout/fake_monorepo/go/src/fakeorg/artifactory/anothertestpackage v0.0.0-20230126000726-0f209d2e6daa/go.mod h1:HhJd3+f/Llnx+LcByLTIAOsGzslvLHWEqpPGh0PK3pA=
